Microsoft Visual Studio Solution File, Format Version 12.00
# Visual Studio Version 17
VisualStudioVersion = 17.5.2.0
MinimumVisualStudioVersion = 10.0.40219.1
Project("{FAE04EC0-301F-11D3-BF4B-00C04F79EFBC}") = "avalonia-test", "avalonia-test.csproj", "{3233B327-CC9F-4459-65B3-BFEC51AE2249}"
EndProject
Global
	GlobalSection(SolutionConfigurationPlatforms) = preSolution
		Debug|Any CPU = Debug|Any CPU
		Release|Any CPU = Release|Any CPU
	EndGlobalSection
	GlobalSection(ProjectConfigurationPlatforms) = postSolution
		{3233B327-CC9F-4459-65B3-BFEC51AE2249}.Debug|Any CPU.ActiveCfg = Debug|Any CPU
		{3233B327-CC9F-4459-65B3-BFEC51AE2249}.Debug|Any CPU.Build.0 = Debug|Any CPU
		{3233B327-CC9F-4459-65B3-BFEC51AE2249}.Release|Any CPU.ActiveCfg = Release|Any CPU
		{3233B327-CC9F-4459-65B3-BFEC51AE2249}.Release|Any CPU.Build.0 = Release|Any CPU
	EndGlobalSection
	GlobalSection(SolutionProperties) = preSolution
		HideSolutionNode = FALSE
	EndGlobalSection
	GlobalSection(ExtensibilityGlobals) = postSolution
		SolutionGuid = {C2DA095B-F99E-43E7-A000-F5122F9D69B1}
	EndGlobalSection
EndGlobal
